// !$*UTF8*$!
{
	archiveVersion = 1;
	classes = {
	};
	objectVersion = 46;
	objects = {

/* Begin PBXBuildFile section */
		FA44F212197EFAE000435610 /* Opee.h in Headers */ = {isa = PBXBuildFile; fileRef = FA44F211197EFAE000435610 /* Opee.h */; settings = {ATTRIBUTES = (Public, ); }; };
		FA44F21C197EFB9600435610 /* main.c in Sources */ = {isa = PBXBuildFile; fileRef = FA44F21B197EFB9600435610 /* main.c */; };
		FA44F22E197F095100435610 /* Opee_Tests.m in Sources */ = {isa = PBXBuildFile; fileRef = FA44F22D197F095100435610 /* Opee_Tests.m */; };
		FA44F22F197F095100435610 /* Opee.framework in Frameworks */ = {isa = PBXBuildFile; fileRef = FA44F1F6197EFAA100435610 /* Opee.framework */; };
		FA754CBA19822E84006AA1D9 /* ZKSwizzle.h in Headers */ = {isa = PBXBuildFile; fileRef = FA754CAF19822E84006AA1D9 /* ZKSwizzle.h */; settings = {ATTRIBUTES = (Public, ); }; };
		FA754CBB19822E84006AA1D9 /* ZKSwizzle.m in Sources */ = {isa = PBXBuildFile; fileRef = FA754CB019822E84006AA1D9 /* ZKSwizzle.m */; };
		FAC892461AC05EB7004B9E82 /* optool in Resources */ = {isa = PBXBuildFile; fileRef = FAC892411AC05E58004B9E82 /* optool */; };
		FAD89F881A9A714A00BC98C6 /* libobjc.dylib in Frameworks */ = {isa = PBXBuildFile; fileRef = FAD89F871A9A714A00BC98C6 /* libobjc.dylib */; };
		FADB09AD197CA0B800D804D0 /* CoreFoundation.framework in Frameworks */ = {isa = PBXBuildFile; fileRef = FADB09AC197CA0B800D804D0 /* CoreFoundation.framework */; };
		FADC231219805366008330B7 /* OPHooker.c in Sources */ = {isa = PBXBuildFile; fileRef = FADC231019805366008330B7 /* OPHooker.c */; };
		FADC231319805366008330B7 /* OPHooker.h in Headers */ = {isa = PBXBuildFile; fileRef = FADC231119805366008330B7 /* OPHooker.h */; settings = {ATTRIBUTES = (Public, ); }; };
		FADC23C219809016008330B7 /* SubstrateHooker.a in Frameworks */ = {isa = PBXBuildFile; fileRef = FADC23C119809016008330B7 /* SubstrateHooker.a */; };
/* End PBXBuildFile section */

/* Begin PBXContainerItemProxy section */
		FA44F21F197EFC2F00435610 /* PBXContainerItemProxy */ = {
			isa = PBXContainerItemProxy;
			containerPortal = FADB0988197C8EF300D804D0 /* Project object */;
			proxyType = 1;
			remoteGlobalIDString = FADB098F197C8EF300D804D0;
			remoteInfo = OpeeLoader;
		};
		FA44F230197F095100435610 /* PBXContainerItemProxy */ = {
			isa = PBXContainerItemProxy;
			containerPortal = FADB0988197C8EF300D804D0 /* Project object */;
			proxyType = 1;
			remoteGlobalIDString = FA44F1F5197EFAA100435610;
			remoteInfo = Opee;
		};
		FAC892401AC05E58004B9E82 /* PBXContainerItemProxy */ = {
			isa = PBXContainerItemProxy;
			containerPortal = FAC8923B1AC05E58004B9E82 /* optool.xcodeproj */;
			proxyType = 2;
			remoteGlobalIDString = FA0D29691990A2E300EC5F74;
			remoteInfo = optool;
		};
		FAC892421AC05E61004B9E82 /* PBXContainerItemProxy */ = {
			isa = PBXContainerItemProxy;
			containerPortal = FAC8923B1AC05E58004B9E82 /* optool.xcodeproj */;
			proxyType = 1;
			remoteGlobalIDString = FA0D29681990A2E300EC5F74;
			remoteInfo = optool;
		};
/* End PBXContainerItemProxy section */

/* Begin PBXFileReference section */
		FA44F1F6197EFAA100435610 /* Opee.framework */ = {isa = PBXFileReference; explicitFileType = wrapper.framework; includeInIndex = 0; path = Opee.framework; sourceTree = BUILT_PRODUCTS_DIR; };
		FA44F211197EFAE000435610 /* Opee.h */ = {isa = PBXFileReference; fileEncoding = 4; lastKnownFileType = sourcecode.c.h; path = Opee.h; sourceTree = "<group>"; };
		FA44F217197EFAF500435610 /* Info.plist */ = {isa = PBXFileReference; fileEncoding = 4; lastKnownFileType = text.plist.xml; path = Info.plist; sourceTree = "<group>"; };
		FA44F21B197EFB9600435610 /* main.c */ = {isa = PBXFileReference; fileEncoding = 4; lastKnownFileType = sourcecode.c.c; path = main.c; sourceTree = "<group>"; };
		FA44F229197F095100435610 /* Opee Tests.xctest */ = {isa = PBXFileReference; explicitFileType = wrapper.cfbundle; includeInIndex = 0; path = "Opee Tests.xctest"; sourceTree = BUILT_PRODUCTS_DIR; };
		FA44F22C197F095100435610 /* Info.plist */ = {isa = PBXFileReference; lastKnownFileType = text.plist.xml; path = Info.plist; sourceTree = "<group>"; };
		FA44F22D197F095100435610 /* Opee_Tests.m */ = {isa = PBXFileReference; lastKnownFileType = sourcecode.c.objc; path = Opee_Tests.m; sourceTree = "<group>"; };
		FA44F3F0197F6DFF00435610 /* libArgumentParser-Static.a */ = {isa = PBXFileReference; lastKnownFileType = archive.ar; name = "libArgumentParser-Static.a"; path = "../../Library/Developer/Xcode/DerivedData/Opee-denajcxzcmhdrygafynvbiowvbxk/Build/Products/Debug/libArgumentParser-Static.a"; sourceTree = "<group>"; };
		FA754CAF19822E84006AA1D9 /* ZKSwizzle.h */ = {isa = PBXFileReference; fileEncoding = 4; lastKnownFileType = sourcecode.c.h; name = ZKSwizzle.h; path = ZKSwizzle/ZKSwizzle.h; sourceTree = "<group>"; };
		FA754CB019822E84006AA1D9 /* ZKSwizzle.m */ = {isa = PBXFileReference; fileEncoding = 4; lastKnownFileType = sourcecode.c.objc; name = ZKSwizzle.m; path = ZKSwizzle/ZKSwizzle.m; sourceTree = "<group>"; };
		FAC8923B1AC05E58004B9E82 /* optool.xcodeproj */ = {isa = PBXFileReference; lastKnownFileType = "wrapper.pb-project"; name = optool.xcodeproj; path = optool/optool.xcodeproj; sourceTree = "<group>"; };
		FAD89F871A9A714A00BC98C6 /* libobjc.dylib */ = {isa = PBXFileReference; lastKnownFileType = "compiled.mach-o.dylib"; name = libobjc.dylib; path = usr/lib/libobjc.dylib; sourceTree = SDKROOT; };
		FADB0990197C8EF300D804D0 /* OpeeLoader.dylib */ = {isa = PBXFileReference; explicitFileType = "compiled.mach-o.dylib"; includeInIndex = 0; path = OpeeLoader.dylib; sourceTree = BUILT_PRODUCTS_DIR; };
		FADB09AC197CA0B800D804D0 /* CoreFoundation.framework */ = {isa = PBXFileReference; lastKnownFileType = wrapper.framework; name = CoreFoundation.framework; path = System/Library/Frameworks/CoreFoundation.framework; sourceTree = SDKROOT; };
		FADC231019805366008330B7 /* OPHooker.c */ = {isa = PBXFileReference; fileEncoding = 4; lastKnownFileType = sourcecode.c.c; path = OPHooker.c; sourceTree = "<group>"; };
		FADC231119805366008330B7 /* OPHooker.h */ = {isa = PBXFileReference; fileEncoding = 4; lastKnownFileType = sourcecode.c.h; path = OPHooker.h; sourceTree = "<group>"; };
		FADC23C119809016008330B7 /* SubstrateHooker.a */ = {isa = PBXFileReference; lastKnownFileType = archive.ar; name = SubstrateHooker.a; path = SubstrateHooker/SubstrateHooker.a; sourceTree = "<group>"; };
/* End PBXFileReference section */

/* Begin PBXFrameworksBuildPhase section */
		FA44F1F2197EFAA100435610 /* Frameworks */ = {
			isa = PBXFrameworksBuildPhase;
			buildActionMask = 2147483647;
			files = (
				FADC23C219809016008330B7 /* SubstrateHooker.a in Frameworks */,
			);
			runOnlyForDeploymentPostprocessing = 0;
		};
		FA44F226197F095100435610 /* Frameworks */ = {
			isa = PBXFrameworksBuildPhase;
			buildActionMask = 2147483647;
			files = (
				FA44F22F197F095100435610 /* Opee.framework in Frameworks */,
			);
			runOnlyForDeploymentPostprocessing = 0;
		};
		FADB098D197C8EF300D804D0 /* Frameworks */ = {
			isa = PBXFrameworksBuildPhase;
			buildActionMask = 2147483647;
			files = (
				FAD89F881A9A714A00BC98C6 /* libobjc.dylib in Frameworks */,
				FADB09AD197CA0B800D804D0 /* CoreFoundation.framework in Frameworks */,
			);
			runOnlyForDeploymentPostprocessing = 0;
		};
/* End PBXFrameworksBuildPhase section */

/* Begin PBXGroup section */
		FA44F1F7197EFAA100435610 /* Opee */ = {
			isa = PBXGroup;
			children = (
				FA44F211197EFAE000435610 /* Opee.h */,
				FADC231119805366008330B7 /* OPHooker.h */,
				FADC231019805366008330B7 /* OPHooker.c */,
				FADC23C119809016008330B7 /* SubstrateHooker.a */,
				FA754CAA19822E84006AA1D9 /* ZKSwizzle */,
				FA44F219197EFAF700435610 /* Supporting Files */,
			);
			path = Opee;
			sourceTree = "<group>";
		};
		FA44F219197EFAF700435610 /* Supporting Files */ = {
			isa = PBXGroup;
			children = (
				FA44F217197EFAF500435610 /* Info.plist */,
			);
			name = "Supporting Files";
			sourceTree = "<group>";
		};
		FA44F21A197EFB9600435610 /* OpeeLoader */ = {
			isa = PBXGroup;
			children = (
				FA44F21B197EFB9600435610 /* main.c */,
			);
			path = OpeeLoader;
			sourceTree = "<group>";
		};
		FA44F22A197F095100435610 /* Opee Tests */ = {
			isa = PBXGroup;
			children = (
				FA44F22D197F095100435610 /* Opee_Tests.m */,
				FA44F22B197F095100435610 /* Supporting Files */,
			);
			path = "Opee Tests";
			sourceTree = "<group>";
		};
		FA44F22B197F095100435610 /* Supporting Files */ = {
			isa = PBXGroup;
			children = (
				FA44F22C197F095100435610 /* Info.plist */,
			);
			name = "Supporting Files";
			sourceTree = "<group>";
		};
		FA754CAA19822E84006AA1D9 /* ZKSwizzle */ = {
			isa = PBXGroup;
			children = (
				FA754CAF19822E84006AA1D9 /* ZKSwizzle.h */,
				FA754CB019822E84006AA1D9 /* ZKSwizzle.m */,
			);
			path = ZKSwizzle;
			sourceTree = "<group>";
		};
		FAC8923C1AC05E58004B9E82 /* Products */ = {
			isa = PBXGroup;
			children = (
				FAC892411AC05E58004B9E82 /* optool */,
			);
			name = Products;
			sourceTree = "<group>";
		};
		FADB0987197C8EF300D804D0 = {
			isa = PBXGroup;
			children = (
				FAD89F871A9A714A00BC98C6 /* libobjc.dylib */,
				FA44F3F0197F6DFF00435610 /* libArgumentParser-Static.a */,
				FADB09AC197CA0B800D804D0 /* CoreFoundation.framework */,
				FA44F1F7197EFAA100435610 /* Opee */,
				FA44F21A197EFB9600435610 /* OpeeLoader */,
				FA44F22A197F095100435610 /* Opee Tests */,
				FAC8923B1AC05E58004B9E82 /* optool.xcodeproj */,
				FADB0991197C8EF300D804D0 /* Products */,
			);
			sourceTree = "<group>";
		};
		FADB0991197C8EF300D804D0 /* Products */ = {
			isa = PBXGroup;
			children = (
				FADB0990197C8EF300D804D0 /* OpeeLoader.dylib */,
				FA44F1F6197EFAA100435610 /* Opee.framework */,
				FA44F229197F095100435610 /* Opee Tests.xctest */,
			);
			name = Products;
			sourceTree = "<group>";
		};
/* End PBXGroup section */

/* Begin PBXHeadersBuildPhase section */
		FA44F1F3197EFAA100435610 /* Headers */ = {
			isa = PBXHeadersBuildPhase;
			buildActionMask = 2147483647;
			files = (
				FADC231319805366008330B7 /* OPHooker.h in Headers */,
				FA754CBA19822E84006AA1D9 /* ZKSwizzle.h in Headers */,
				FA44F212197EFAE000435610 /* Opee.h in Headers */,
			);
			runOnlyForDeploymentPostprocessing = 0;
		};
		FADB098E197C8EF300D804D0 /* Headers */ = {
			isa = PBXHeadersBuildPhase;
			buildActionMask = 2147483647;
			files = (
			);
			runOnlyForDeploymentPostprocessing = 0;
		};
/* End PBXHeadersBuildPhase section */

/* Begin PBXNativeTarget section */
		FA44F1F5197EFAA100435610 /* Opee */ = {
			isa = PBXNativeTarget;
			buildConfigurationList = FA44F209197EFAA100435610 /* Build configuration list for PBXNativeTarget "Opee" */;
			buildPhases = (
				FA44F1F1197EFAA100435610 /* Sources */,
				FA44F1F2197EFAA100435610 /* Frameworks */,
				FA44F1F3197EFAA100435610 /* Headers */,
				FA44F1F4197EFAA100435610 /* Resources */,
				FADC231D19805771008330B7 /* ShellScript */,
			);
			buildRules = (
			);
			dependencies = (
				FAC892431AC05E61004B9E82 /* PBXTargetDependency */,
				FA44F220197EFC2F00435610 /* PBXTargetDependency */,
			);
			name = Opee;
			productName = Opee;
			productReference = FA44F1F6197EFAA100435610 /* Opee.framework */;
			productType = "com.apple.product-type.framework";
		};
		FA44F228197F095100435610 /* Opee Tests */ = {
			isa = PBXNativeTarget;
			buildConfigurationList = FA44F232197F095200435610 /* Build configuration list for PBXNativeTarget "Opee Tests" */;
			buildPhases = (
				FA44F225197F095100435610 /* Sources */,
				FA44F226197F095100435610 /* Frameworks */,
				FA44F227197F095100435610 /* Resources */,
			);
			buildRules = (
			);
			dependencies = (
				FA44F231197F095100435610 /* PBXTargetDependency */,
			);
			name = "Opee Tests";
			productName = "Opee Tests";
			productReference = FA44F229197F095100435610 /* Opee Tests.xctest */;
			productType = "com.apple.product-type.bundle.unit-test";
		};
		FADB098F197C8EF300D804D0 /* OpeeLoader */ = {
			isa = PBXNativeTarget;
			buildConfigurationList = FADB09A4197C8EF300D804D0 /* Build configuration list for PBXNativeTarget "OpeeLoader" */;
			buildPhases = (
				FADB098C197C8EF300D804D0 /* Sources */,
				FADB098D197C8EF300D804D0 /* Frameworks */,
				FADB098E197C8EF300D804D0 /* Headers */,
			);
			buildRules = (
			);
			dependencies = (
			);
			name = OpeeLoader;
			productName = Opee;
			productReference = FADB0990197C8EF300D804D0 /* OpeeLoader.dylib */;
			productType = "com.apple.product-type.library.dynamic";
		};
/* End PBXNativeTarget section */

/* Begin PBXProject section */
		FADB0988197C8EF300D804D0 /* Project object */ = {
			isa = PBXProject;
			attributes = {
				LastUpgradeCheck = 0600;
				ORGANIZATIONNAME = "Alex Zielenski";
				TargetAttributes = {
					FA44F1F5197EFAA100435610 = {
						CreatedOnToolsVersion = 6.0;
						DevelopmentTeam = 3GD8ABJ22W;
					};
					FA44F228197F095100435610 = {
						CreatedOnToolsVersion = 6.0;
						TestTargetID = FA44F1F5197EFAA100435610;
					};
					FADB098F197C8EF300D804D0 = {
						CreatedOnToolsVersion = 6.0;
						DevelopmentTeam = 3GD8ABJ22W;
					};
				};
			};
			buildConfigurationList = FADB098B197C8EF300D804D0 /* Build configuration list for PBXProject "Opee" */;
			compatibilityVersion = "Xcode 3.2";
			developmentRegion = English;
			hasScannedForEncodings = 0;
			knownRegions = (
				en,
			);
			mainGroup = FADB0987197C8EF300D804D0;
			productRefGroup = FADB0991197C8EF300D804D0 /* Products */;
			projectDirPath = "";
			projectReferences = (
				{
					ProductGroup = FAC8923C1AC05E58004B9E82 /* Products */;
					ProjectRef = FAC8923B1AC05E58004B9E82 /* optool.xcodeproj */;
				},
			);
			projectRoot = "";
			targets = (
				FA44F1F5197EFAA100435610 /* Opee */,
				FADB098F197C8EF300D804D0 /* OpeeLoader */,
				FA44F228197F095100435610 /* Opee Tests */,
			);
		};
/* End PBXProject section */

/* Begin PBXReferenceProxy section */
		FAC892411AC05E58004B9E82 /* optool */ = {
			isa = PBXReferenceProxy;
			fileType = "compiled.mach-o.executable";
			path = optool;
			remoteRef = FAC892401AC05E58004B9E82 /* PBXContainerItemProxy */;
			sourceTree = BUILT_PRODUCTS_DIR;
		};
/* End PBXReferenceProxy section */

/* Begin PBXResourcesBuildPhase section */
		FA44F1F4197EFAA100435610 /* Resources */ = {
			isa = PBXResourcesBuildPhase;
			buildActionMask = 2147483647;
			files = (
				FAC892461AC05EB7004B9E82 /* optool in Resources */,
			);
			runOnlyForDeploymentPostprocessing = 0;
		};
		FA44F227197F095100435610 /* Resources */ = {
			isa = PBXResourcesBuildPhase;
			buildActionMask = 2147483647;
			files = (
			);
			runOnlyForDeploymentPostprocessing = 0;
		};
/* End PBXResourcesBuildPhase section */

/* Begin PBXShellScriptBuildPhase section */
		FADC231D19805771008330B7 /* ShellScript */ = {
			isa = PBXShellScriptBuildPhase;
			buildActionMask = 2147483647;
			files = (
			);
			inputPaths = (
			);
			outputPaths = (
			);
			runOnlyForDeploymentPostprocessing = 0;
			shellPath = /bin/sh;
			shellScript = "mkdir -p ${TARGET_BUILD_DIR}/$WRAPPER_NAME/Libraries\nln -s /usr/lib/OpeeLoader.dylib ${TARGET_BUILD_DIR}/$WRAPPER_NAME/Libraries/OpeeLoader.dylib";
		};
/* End PBXShellScriptBuildPhase section */

/* Begin PBXSourcesBuildPhase section */
		FA44F1F1197EFAA100435610 /* Sources */ = {
			isa = PBXSourcesBuildPhase;
			buildActionMask = 2147483647;
			files = (
				FA754CBB19822E84006AA1D9 /* ZKSwizzle.m in Sources */,
				FADC231219805366008330B7 /* OPHooker.c in Sources */,
			);
			runOnlyForDeploymentPostprocessing = 0;
		};
		FA44F225197F095100435610 /* Sources */ = {
			isa = PBXSourcesBuildPhase;
			buildActionMask = 2147483647;
			files = (
				FA44F22E197F095100435610 /* Opee_Tests.m in Sources */,
			);
			runOnlyForDeploymentPostprocessing = 0;
		};
		FADB098C197C8EF300D804D0 /* Sources */ = {
			isa = PBXSourcesBuildPhase;
			buildActionMask = 2147483647;
			files = (
				FA44F21C197EFB9600435610 /* main.c in Sources */,
			);
			runOnlyForDeploymentPostprocessing = 0;
		};
/* End PBXSourcesBuildPhase section */

/* Begin PBXTargetDependency section */
		FA44F220197EFC2F00435610 /* PBXTargetDependency */ = {
			isa = PBXTargetDependency;
			target = FADB098F197C8EF300D804D0 /* OpeeLoader */;
			targetProxy = FA44F21F197EFC2F00435610 /* PBXContainerItemProxy */;
		};
		FA44F231197F095100435610 /* PBXTargetDependency */ = {
			isa = PBXTargetDependency;
			target = FA44F1F5197EFAA100435610 /* Opee */;
			targetProxy = FA44F230197F095100435610 /* PBXContainerItemProxy */;
		};
		FAC892431AC05E61004B9E82 /* PBXTargetDependency */ = {
			isa = PBXTargetDependency;
			name = optool;
			targetProxy = FAC892421AC05E61004B9E82 /* PBXContainerItemProxy */;
		};
/* End PBXTargetDependency section */

/* Begin XCBuildConfiguration section */
		FA44F20A197EFAA100435610 /* Debug */ = {
			isa = XCBuildConfiguration;
			buildSettings = {
				CODE_SIGN_IDENTITY = "Developer ID Application";
				COMBINE_HIDPI_IMAGES = YES;
				CURRENT_PROJECT_VERSION = 1;
				DEFINES_MODULE = YES;
				DEPLOYMENT_LOCATION = NO;
				DYLIB_COMPATIBILITY_VERSION = 1;
				DYLIB_CURRENT_VERSION = 1;
				DYLIB_INSTALL_NAME_BASE = /Library/Frameworks;
				FRAMEWORK_VERSION = A;
				GCC_PREPROCESSOR_DEFINITIONS = (
					"DEBUG=1",
					"$(inherited)",
				);
				INFOPLIST_FILE = Opee/Info.plist;
				INSTALL_PATH = "$(LOCAL_LIBRARY_DIR)/Frameworks";
				LD_RUNPATH_SEARCH_PATHS = "$(inherited) @executable_path/../Frameworks @loader_path/Frameworks";
				LIBRARY_SEARCH_PATHS = (
					"$(inherited)",
					"$(PROJECT_DIR)/Opee/SubstrateHooker",
				);
				OTHER_LDFLAGS = "-lstdc++";
				PRODUCT_NAME = "$(TARGET_NAME)";
				SKIP_INSTALL = YES;
				VERSIONING_SYSTEM = "apple-generic";
				VERSION_INFO_PREFIX = "";
			};
			name = Debug;
		};
		FA44F20B197EFAA100435610 /* Release */ = {
			isa = XCBuildConfiguration;
			buildSettings = {
				CODE_SIGN_IDENTITY = "Developer ID Application";
				COMBINE_HIDPI_IMAGES = YES;
				CURRENT_PROJECT_VERSION = 1;
				DEFINES_MODULE = YES;
				DEPLOYMENT_LOCATION = YES;
				DSTROOT = /;
				DYLIB_COMPATIBILITY_VERSION = 1;
				DYLIB_CURRENT_VERSION = 1;
				DYLIB_INSTALL_NAME_BASE = /Library/Frameworks;
				FRAMEWORK_VERSION = A;
				INFOPLIST_FILE = Opee/Info.plist;
				INSTALL_PATH = "$(LOCAL_LIBRARY_DIR)/Frameworks";
				LD_RUNPATH_SEARCH_PATHS = "$(inherited) @executable_path/../Frameworks @loader_path/Frameworks";
				LIBRARY_SEARCH_PATHS = (
					"$(inherited)",
					"$(PROJECT_DIR)/Opee/SubstrateHooker",
				);
				OTHER_LDFLAGS = "-lstdc++";
				PRODUCT_NAME = "$(TARGET_NAME)";
				SKIP_INSTALL = NO;
				VERSIONING_SYSTEM = "apple-generic";
				VERSION_INFO_PREFIX = "";
			};
			name = Release;
		};
		FA44F233197F095200435610 /* Debug */ = {
			isa = XCBuildConfiguration;
			buildSettings = {
				COMBINE_HIDPI_IMAGES = YES;
				FRAMEWORK_SEARCH_PATHS = (
					"$(DEVELOPER_FRAMEWORKS_DIR)",
					"$(inherited)",
				);
				GCC_PREPROCESSOR_DEFINITIONS = (
					"DEBUG=1",
					"$(inherited)",
				);
				INFOPLIST_FILE = "Opee Tests/Info.plist";
				LD_RUNPATH_SEARCH_PATHS = "$(inherited) @executable_path/../Frameworks @loader_path/../Frameworks";
				PRODUCT_NAME = "$(TARGET_NAME)";
			};
			name = Debug;
		};
		FA44F234197F095200435610 /* Release */ = {
			isa = XCBuildConfiguration;
			buildSettings = {
				COMBINE_HIDPI_IMAGES = YES;
				COPY_PHASE_STRIP = YES;
				FRAMEWORK_SEARCH_PATHS = (
					"$(DEVELOPER_FRAMEWORKS_DIR)",
					"$(inherited)",
				);
				INFOPLIST_FILE = "Opee Tests/Info.plist";
				LD_RUNPATH_SEARCH_PATHS = "$(inherited) @executable_path/../Frameworks @loader_path/../Frameworks";
				PRODUCT_NAME = "$(TARGET_NAME)";
			};
			name = Release;
		};
		FADB09A2197C8EF300D804D0 /* Debug */ = {
			isa = XCBuildConfiguration;
			buildSettings = {
				ALWAYS_SEARCH_USER_PATHS = NO;
				ARCHS = "$(ARCHS_STANDARD_32_64_BIT)";
				CLANG_CXX_LANGUAGE_STANDARD = "compiler-default";
				CLANG_CXX_LIBRARY = "libc++";
				CLANG_ENABLE_MODULES = YES;
				CLANG_ENABLE_OBJC_ARC = NO;
				CLANG_WARN_BOOL_CONVERSION = YES;
				CLANG_WARN_CONSTANT_CONVERSION = YES;
				CLANG_WARN_DIRECT_OBJC_ISA_USAGE = YES_ERROR;
				CLANG_WARN_EMPTY_BODY = YES;
				CLANG_WARN_ENUM_CONVERSION = YES;
				CLANG_WARN_INT_CONVERSION = YES;
				CLANG_WARN_OBJC_ROOT_CLASS = YES_ERROR;
				CLANG_WARN_UNREACHABLE_CODE = YES;
				CLANG_WARN__DUPLICATE_METHOD_MATCH = YES;
				CODE_SIGN_IDENTITY = "Developer ID Application";
				COPY_PHASE_STRIP = NO;
				ENABLE_STRICT_OBJC_MSGSEND = YES;
				GCC_C_LANGUAGE_STANDARD = gnu99;
				GCC_DYNAMIC_NO_PIC = NO;
				GCC_OPTIMIZATION_LEVEL = 0;
				GCC_PREPROCESSOR_DEFINITIONS = (
					"DEBUG=1",
					"$(inherited)",
				);
				GCC_SYMBOLS_PRIVATE_EXTERN = NO;
				GCC_WARN_64_TO_32_BIT_CONVERSION = YES;
				GCC_WARN_ABOUT_RETURN_TYPE = YES_ERROR;
				GCC_WARN_UNDECLARED_SELECTOR = YES;
				GCC_WARN_UNINITIALIZED_AUTOS = YES_AGGRESSIVE;
				GCC_WARN_UNUSED_FUNCTION = YES;
				GCC_WARN_UNUSED_VARIABLE = YES;
				MACOSX_DEPLOYMENT_TARGET = 10.9;
				MTL_ENABLE_DEBUG_INFO = YES;
				ONLY_ACTIVE_ARCH = NO;
				PROVISIONING_PROFILE = "";
				SDKROOT = macosx10.9;
			};
			name = Debug;
		};
		FADB09A3197C8EF300D804D0 /* Release */ = {
			isa = XCBuildConfiguration;
			buildSettings = {
				ALWAYS_SEARCH_USER_PATHS = NO;
				ARCHS = "$(ARCHS_STANDARD_32_64_BIT)";
				CLANG_CXX_LANGUAGE_STANDARD = "compiler-default";
				CLANG_CXX_LIBRARY = "libc++";
				CLANG_ENABLE_MODULES = YES;
				CLANG_ENABLE_OBJC_ARC = NO;
				CLANG_WARN_BOOL_CONVERSION = YES;
				CLANG_WARN_CONSTANT_CONVERSION = YES;
				CLANG_WARN_DIRECT_OBJC_ISA_USAGE = YES_ERROR;
				CLANG_WARN_EMPTY_BODY = YES;
				CLANG_WARN_ENUM_CONVERSION = YES;
				CLANG_WARN_INT_CONVERSION = YES;
				CLANG_WARN_OBJC_ROOT_CLASS = YES_ERROR;
				CLANG_WARN_UNREACHABLE_CODE = YES;
				CLANG_WARN__DUPLICATE_METHOD_MATCH = YES;
				CODE_SIGN_IDENTITY = "Developer ID Application";
				COPY_PHASE_STRIP = NO;
				DEBUG_INFORMATION_FORMAT = "dwarf-with-dsym";
				ENABLE_NS_ASSERTIONS = NO;
				ENABLE_STRICT_OBJC_MSGSEND = YES;
				GCC_C_LANGUAGE_STANDARD = gnu99;
				GCC_WARN_64_TO_32_BIT_CONVERSION = YES;
				GCC_WARN_ABOUT_RETURN_TYPE = YES_ERROR;
				GCC_WARN_UNDECLARED_SELECTOR = YES;
				GCC_WARN_UNINITIALIZED_AUTOS = YES_AGGRESSIVE;
				GCC_WARN_UNUSED_FUNCTION = YES;
				GCC_WARN_UNUSED_VARIABLE = YES;
				MACOSX_DEPLOYMENT_TARGET = 10.9;
				MTL_ENABLE_DEBUG_INFO = NO;
				ONLY_ACTIVE_ARCH = NO;
				PROVISIONING_PROFILE = "";
				SDKROOT = macosx10.9;
			};
			name = Release;
		};
		FADB09A5197C8EF300D804D0 /* Debug */ = {
			isa = XCBuildConfiguration;
			buildSettings = {
				DEPLOYMENT_LOCATION = YES;
				DYLIB_COMPATIBILITY_VERSION = 1;
				DYLIB_CURRENT_VERSION = 1;
				DYLIB_INSTALL_NAME_BASE = /Library/Frameworks/Opee.framework/Libraries;
				INSTALL_PATH = /usr/lib;
				LIBRARY_SEARCH_PATHS = (
					"$(inherited)",
					"$(SDKROOT)/usr/lib/system",
				);
				PRODUCT_NAME = "$(TARGET_NAME)";
			};
			name = Debug;
		};
		FADB09A6197C8EF300D804D0 /* Release */ = {
			isa = XCBuildConfiguration;
			buildSettings = {
				DEPLOYMENT_LOCATION = YES;
				DSTROOT = "";
				DYLIB_COMPATIBILITY_VERSION = 1;
				DYLIB_CURRENT_VERSION = 1;
				DYLIB_INSTALL_NAME_BASE = /Library/Frameworks/Opee.framework/Libraries;
				INSTALL_PATH = /usr/lib;
				LIBRARY_SEARCH_PATHS = (
					"$(inherited)",
					"$(SDKROOT)/usr/lib/system",
				);
				PRODUCT_NAME = "$(TARGET_NAME)";
			};
			name = Release;
		};
/* End XCBuildConfiguration section */

/* Begin XCConfigurationList section */
		FA44F209197EFAA100435610 /* Build configuration list for PBXNativeTarget "Opee" */ = {
			isa = XCConfigurationList;
			buildConfigurations = (
				FA44F20A197EFAA100435610 /* Debug */,
				FA44F20B197EFAA100435610 /* Release */,
			);
			defaultConfigurationIsVisible = 0;
			defaultConfigurationName = Release;
		};
		FA44F232197F095200435610 /* Build configuration list for PBXNativeTarget "Opee Tests" */ = {
			isa = XCConfigurationList;
			buildConfigurations = (
				FA44F233197F095200435610 /* Debug */,
				FA44F234197F095200435610 /* Release */,
			);
			defaultConfigurationIsVisible = 0;
			defaultConfigurationName = Release;
		};
		FADB098B197C8EF300D804D0 /* Build configuration list for PBXProject "Opee" */ = {
			isa = XCConfigurationList;
			buildConfigurations = (
				FADB09A2197C8EF300D804D0 /* Debug */,
				FADB09A3197C8EF300D804D0 /* Release */,
			);
			defaultConfigurationIsVisible = 0;
			defaultConfigurationName = Release;
		};
		FADB09A4197C8EF300D804D0 /* Build configuration list for PBXNativeTarget "OpeeLoader" */ = {
			isa = XCConfigurationList;
			buildConfigurations = (
				FADB09A5197C8EF300D804D0 /* Debug */,
				FADB09A6197C8EF300D804D0 /* Release */,
			);
			defaultConfigurationIsVisible = 0;
			defaultConfigurationName = Release;
		};
/* End XCConfigurationList section */
	};
	rootObject = FADB0988197C8EF300D804D0 /* Project object */;
}
